
Microsoft Visual Studio Solution File, Format Version 12.00
# Visual Studio 2012
Project("{FAE04EC0-301F-11D3-BF4B-00C04F79EFBC}") = "SocketServer", "SocketServer\SocketServer.csproj", "{9BC16963-5038-4B25-8F25-DB3C15732D38}"
EndProject
Global
	GlobalSection(SolutionConfigurationPlatforms) = preSolution
		Debug|Any CPU = Debug|Any CPU
		Release|Any CPU = Release|Any CPU
	EndGlobalSection
	GlobalSection(ProjectConfigurationPlatforms) = postSolution
		{9BC16963-5038-4B25-8F25-DB3C15732D38}.Debug|Any CPU.ActiveCfg = Debug|Any CPU
		{9BC16963-5038-4B25-8F25-DB3C15732D38}.Debug|Any CPU.Build.0 = Debug|Any CPU
		{9BC16963-5038-4B25-8F25-DB3C15732D38}.Release|Any CPU.ActiveCfg = Release|Any CPU
		{9BC16963-5038-4B25-8F25-DB3C15732D38}.Release|Any CPU.Build.0 = Release|Any CPU
	EndGlobalSection
	GlobalSection(SolutionProperties) = preSolution
		HideSolutionNode = FALSE
	EndGlobalSection
EndGlobal
